github.com/alekseev-bro/ddd v0.0.0-20260213161650-1dd40702599d h1:XZlkgmbQbrxg9kjwzqywavdMvgF9BCt9+l0qBtwJnIY=
github.com/alekseev-bro/ddd v0.0.0-20260213161650-1dd40702599d/go.mod h1:9u2eCEmPYhDI0G1UP5cTpTim0/igIwm/5uNR07vlIvo=
github.com/google/uuid v1.6.0 h1:NIvaJDMOsjHA8n1jAhLSgzrAzy1Hgr+hNrb57e+94F0=
github.com/google/uuid v1.6.0/go.mod h1:TIyPZe4MgqvfeYDBFedMoGGpEw/LqOeaOT+nhxU+yHo=
github.com/klauspost/compress v1.18.3 h1:9PJRvfbmTabkOX8moIpXPbMMbYN60bWImDDU7L+/6zw=
github.com/klauspost/compress v1.18.3/go.mod h1:R0h/fSBs8DE4ENlcrlib3PsXS61voFxhIs2DeRhCvJ4=
github.com/nats-io/nats.go v1.48.0 h1:pSFyXApG+yWU/TgbKCjmm5K4wrHu86231/w84qRVR+U=
github.com/nats-io/nats.go v1.48.0/go.mod h1:iRWIPokVIFbVijxuMQq4y9ttaBTMe0SFdlZfMDd+33g=
github.com/nats-io/nkeys v0.4.12 h1:nssm7JKOG9/x4J8II47VWCL1Ds29avyiQDRn0ckMvDc=
github.com/nats-io/nkeys v0.4.12/go.mod h1:MT59A1HYcjIcyQDJStTfaOY6vhy9XTUjOFo+SVsvpBg=
github.com/nats-io/nuid v1.0.1 h1:5iA8DT8V7q8WK2EScv2padNa/rTESc1KdnPw4TC2paw=
github.com/nats-io/nuid v1.0.1/go.mod h1:19wcPz3Ph3q0Jbyiqsd0kePYG7A95tJPxeL+1OSON2c=
github.com/sony/sonyflake/v2 v2.2.0 h1:wSzEoewlWnUtc3SZX/MpT8zsWTuAnjwrprUYfuPl9Jg=
github.com/sony/sonyflake/v2 v2.2.0/go.mod h1:09EcfmR846JLupbkgVfzp8QtQwJ+Y8e69VVayHdawzg=
github.com/synadia-io/orbit.go/jetstreamext v0.2.0 h1:eKxHQvsW03FLzm/mPTrUQ1aLiXfj8/mnVNgX6akWYPU=
github.com/synadia-io/orbit.go/jetstreamext v0.2.0/go.mod h1:3Xk2Jh6J5tFFXHJgC/AwbUmYBFUNpEup5sZMAiJwYi8=
github.com/synadia-io/orbit.go/natsext v0.1.1 h1:ujoNs8vQtez640kkgXotSUZj2+GmsmqgjMKnJOLSE6s=
github.com/synadia-io/orbit.go/natsext v0.1.1/go.mod h1:TbK/ch5qjAMr9HuCF+Guyws92rpWfotFarOuVjfJIv8=
golang.org/x/crypto v0.47.0 h1:V6e3FRj+n4dbpw86FJ8Fv7XVOql7TEwpHapKoMJ/GO8=
golang.org/x/crypto v0.47.0/go.mod h1:ff3Y9VzzKbwSSEzWqJsJVBnWmRwRSHt/6Op5n9bQc4A=
golang.org/x/sys v0.40.0 h1:DBZZqJ2Rkml6QMQsZywtnjnnGvHza6BTfYFWY9kjEWQ=
golang.org/x/sys v0.40.0/go.mod h1:OgkHotnGiDImocRcuBABYBEXf8A9a87e/uXjp9XT3ks=
